// !$*UTF8*$!
{
	archiveVersion = 1;
	classes = {
	};
	objectVersion = 48;
	objects = {

/* Begin PBXBuildFile section */
		1E80EB541FD70D5900D3D27D /* AppDelegate.swift in Sources */ = {isa = PBXBuildFile; fileRef = 1E80EB531FD70D5900D3D27D /* AppDelegate.swift */; };
		1E80EB561FD70D5900D3D27D /* ViewController.swift in Sources */ = {isa = PBXBuildFile; fileRef = 1E80EB551FD70D5900D3D27D /* ViewController.swift */; };
		1E80EB591FD70D5900D3D27D /* Main.storyboard in Resources */ = {isa = PBXBuildFile; fileRef = 1E80EB571FD70D5900D3D27D /* Main.storyboard */; };
		1E80EB5C1FD70D5900D3D27D /* tp10_if26.xcdatamodeld in Sources */ = {isa = PBXBuildFile; fileRef = 1E80EB5A1FD70D5900D3D27D /* tp10_if26.xcdatamodeld */; };
		1E80EB5E1FD70D5900D3D27D /* Assets.xcassets in Resources */ = {isa = PBXBuildFile; fileRef = 1E80EB5D1FD70D5900D3D27D /* Assets.xcassets */; };
		1E80EB611FD70D5900D3D27D /* LaunchScreen.storyboard in Resources */ = {isa = PBXBuildFile; fileRef = 1E80EB5F1FD70D5900D3D27D /* LaunchScreen.storyboard */; };
		1EB596441FDC4DCA003CC888 /* SQLite.framework in Frameworks */ = {isa = PBXBuildFile; fileRef = 1EB596361FDC4DC1003CC888 /* SQLite.framework */; };
		1EB596451FDC4DCE003CC888 /* SQLite.framework in Frameworks */ = {isa = PBXBuildFile; fileRef = 1EB596361FDC4DC1003CC888 /* SQLite.framework */; };
		1EB596461FDC4DCE003CC888 /* SQLite.framework in Embed Frameworks */ = {isa = PBXBuildFile; fileRef = 1EB596361FDC4DC1003CC888 /* SQLite.framework */; settings = {ATTRIBUTES = (CodeSignOnCopy, RemoveHeadersOnCopy, ); }; };
/* End PBXBuildFile section */

/* Begin PBXContainerItemProxy section */
		1EB596351FDC4DC1003CC888 /* PBXContainerItemProxy */ = {
			isa = PBXContainerItemProxy;
			containerPortal = 1EB5962B1FDC4DC0003CC888 /* SQLite.xcodeproj */;
			proxyType = 2;
			remoteGlobalIDString = EE247AD31C3F04ED00AE3E12;
			remoteInfo = "SQLite iOS";
		};
		1EB596371FDC4DC1003CC888 /* PBXContainerItemProxy */ = {
			isa = PBXContainerItemProxy;
			containerPortal = 1EB5962B1FDC4DC0003CC888 /* SQLite.xcodeproj */;
			proxyType = 2;
			remoteGlobalIDString = EE247ADD1C3F04ED00AE3E12;
			remoteInfo = "SQLiteTests iOS";
		};
		1EB596391FDC4DC1003CC888 /* PBXContainerItemProxy */ = {
			isa = PBXContainerItemProxy;
			containerPortal = 1EB5962B1FDC4DC0003CC888 /* SQLite.xcodeproj */;
			proxyType = 2;
			remoteGlobalIDString = EE247B3C1C3F3ED000AE3E12;
			remoteInfo = "SQLite Mac";
		};
		1EB5963B1FDC4DC1003CC888 /* PBXContainerItemProxy */ = {
			isa = PBXContainerItemProxy;
			containerPortal = 1EB5962B1FDC4DC0003CC888 /* SQLite.xcodeproj */;
			proxyType = 2;
			remoteGlobalIDString = EE247B451C3F3ED000AE3E12;
			remoteInfo = "SQLiteTests Mac";
		};
		1EB5963D1FDC4DC1003CC888 /* PBXContainerItemProxy */ = {
			isa = PBXContainerItemProxy;
			containerPortal = 1EB5962B1FDC4DC0003CC888 /* SQLite.xcodeproj */;
			proxyType = 2;
			remoteGlobalIDString = 03A65E5A1C6BB0F50062603F;
			remoteInfo = "SQLite tvOS";
		};
		1EB5963F1FDC4DC1003CC888 /* PBXContainerItemProxy */ = {
			isa = PBXContainerItemProxy;
			containerPortal = 1EB5962B1FDC4DC0003CC888 /* SQLite.xcodeproj */;
			proxyType = 2;
			remoteGlobalIDString = 03A65E631C6BB0F60062603F;
			remoteInfo = "SQLiteTests tvOS";
		};
		1EB596411FDC4DC1003CC888 /* PBXContainerItemProxy */ = {
			isa = PBXContainerItemProxy;
			containerPortal = 1EB5962B1FDC4DC0003CC888 /* SQLite.xcodeproj */;
			proxyType = 2;
			remoteGlobalIDString = A121AC451CA35C79005A31D1;
			remoteInfo = "SQLite watchOS";
		};
		1EB596471FDC4DCE003CC888 /* PBXContainerItemProxy */ = {
			isa = PBXContainerItemProxy;
			containerPortal = 1EB5962B1FDC4DC0003CC888 /* SQLite.xcodeproj */;
			proxyType = 1;
			remoteGlobalIDString = EE247AD21C3F04ED00AE3E12;
			remoteInfo = "SQLite iOS";
		};
/* End PBXContainerItemProxy section */

/* Begin PBXCopyFilesBuildPhase section */
		1E80EB8D1FD7208A00D3D27D /* Embed Frameworks */ = {
			isa = PBXCopyFilesBuildPhase;
			buildActionMask = 2147483647;
			dstPath = "";
			dstSubfolderSpec = 10;
			files = (
				1EB596461FDC4DCE003CC888 /* SQLite.framework in Embed Frameworks */,
			);
			name = "Embed Frameworks";
			runOnlyForDeploymentPostprocessing = 0;
		};
/* End PBXCopyFilesBuildPhase section */

/* Begin PBXFileReference section */
		1E80EB501FD70D5900D3D27D /* tp10_if26.app */ = {isa = PBXFileReference; explicitFileType = wrapper.application; includeInIndex = 0; path = tp10_if26.app; sourceTree = BUILT_PRODUCTS_DIR; };
		1E80EB531FD70D5900D3D27D /* AppDelegate.swift */ = {isa = PBXFileReference; lastKnownFileType = sourcecode.swift; path = AppDelegate.swift; sourceTree = "<group>"; };
		1E80EB551FD70D5900D3D27D /* ViewController.swift */ = {isa = PBXFileReference; lastKnownFileType = sourcecode.swift; path = ViewController.swift; sourceTree = "<group>"; };
		1E80EB581FD70D5900D3D27D /* Base */ = {isa = PBXFileReference; lastKnownFileType = file.storyboard; name = Base; path = Base.lproj/Main.storyboard; sourceTree = "<group>"; };
		1E80EB5B1FD70D5900D3D27D /* tp10_if26.xcdatamodel */ = {isa = PBXFileReference; lastKnownFileType = wrapper.xcdatamodel; path = tp10_if26.xcdatamodel; sourceTree = "<group>"; };
		1E80EB5D1FD70D5900D3D27D /* Assets.xcassets */ = {isa = PBXFileReference; lastKnownFileType = folder.assetcatalog; path = Assets.xcassets; sourceTree = "<group>"; };
		1E80EB601FD70D5900D3D27D /* Base */ = {isa = PBXFileReference; lastKnownFileType = file.storyboard; name = Base; path = Base.lproj/LaunchScreen.storyboard; sourceTree = "<group>"; };
		1E80EB621FD70D5900D3D27D /* Info.plist */ = {isa = PBXFileReference; lastKnownFileType = text.plist.xml; path = Info.plist; sourceTree = "<group>"; };
		1EB5962B1FDC4DC0003CC888 /* SQLite.xcodeproj */ = {isa = PBXFileReference; lastKnownFileType = "wrapper.pb-project"; name = SQLite.xcodeproj; path = "../../../Downloads/SQLite.swift-master 2/SQLite.xcodeproj"; sourceTree = "<group>"; };
/* End PBXFileReference section */

/* Begin PBXFrameworksBuildPhase section */
		1E80EB4D1FD70D5900D3D27D /* Frameworks */ = {
			isa = PBXFrameworksBuildPhase;
			buildActionMask = 2147483647;
			files = (
				1EB596451FDC4DCE003CC888 /* SQLite.framework in Frameworks */,
				1EB596441FDC4DCA003CC888 /* SQLite.framework in Frameworks */,
			);
			runOnlyForDeploymentPostprocessing = 0;
		};
/* End PBXFrameworksBuildPhase section */

/* Begin PBXGroup section */
		1E80EB471FD70D5900D3D27D = {
			isa = PBXGroup;
			children = (
				1E80EB521FD70D5900D3D27D /* tp10_if26 */,
				1E80EB511FD70D5900D3D27D /* Products */,
				1EB5962B1FDC4DC0003CC888 /* SQLite.xcodeproj */,
				1EB596431FDC4DCA003CC888 /* Frameworks */,
			);
			sourceTree = "<group>";
		};
		1E80EB511FD70D5900D3D27D /* Products */ = {
			isa = PBXGroup;
			children = (
				1E80EB501FD70D5900D3D27D /* tp10_if26.app */,
			);
			name = Products;
			sourceTree = "<group>";
		};
		1E80EB521FD70D5900D3D27D /* tp10_if26 */ = {
			isa = PBXGroup;
			children = (
				1E80EB531FD70D5900D3D27D /* AppDelegate.swift */,
				1E80EB551FD70D5900D3D27D /* ViewController.swift */,
				1E80EB571FD70D5900D3D27D /* Main.storyboard */,
				1E80EB5D1FD70D5900D3D27D /* Assets.xcassets */,
				1E80EB5F1FD70D5900D3D27D /* LaunchScreen.storyboard */,
				1E80EB621FD70D5900D3D27D /* Info.plist */,
				1E80EB5A1FD70D5900D3D27D /* tp10_if26.xcdatamodeld */,
			);
			path = tp10_if26;
			sourceTree = "<group>";
		};
		1EB5962C1FDC4DC0003CC888 /* Products */ = {
			isa = PBXGroup;
			children = (
				1EB596361FDC4DC1003CC888 /* SQLite.framework */,
				1EB596381FDC4DC1003CC888 /* SQLiteTests iOS.xctest */,
				1EB5963A1FDC4DC1003CC888 /* SQLite.framework */,
				1EB5963C1FDC4DC1003CC888 /* SQLiteTests Mac.xctest */,
				1EB5963E1FDC4DC1003CC888 /* SQLite.framework */,
				1EB596401FDC4DC1003CC888 /* SQLiteTests tvOS.xctest */,
				1EB596421FDC4DC1003CC888 /* SQLite.framework */,
			);
			name = Products;
			sourceTree = "<group>";
		};
		1EB596431FDC4DCA003CC888 /* Frameworks */ = {
			isa = PBXGroup;
			children = (
			);
			name = Frameworks;
			sourceTree = "<group>";
		};
/* End PBXGroup section */

/* Begin PBXNativeTarget section */
		1E80EB4F1FD70D5900D3D27D /* tp10_if26 */ = {
			isa = PBXNativeTarget;
			buildConfigurationList = 1E80EB651FD70D5900D3D27D /* Build configuration list for PBXNativeTarget "tp10_if26" */;
			buildPhases = (
				1E80EB4C1FD70D5900D3D27D /* Sources */,
				1E80EB4D1FD70D5900D3D27D /* Frameworks */,
				1E80EB4E1FD70D5900D3D27D /* Resources */,
				1E80EB8D1FD7208A00D3D27D /* Embed Frameworks */,
			);
			buildRules = (
			);
			dependencies = (
				1EB596481FDC4DCE003CC888 /* PBXTargetDependency */,
			);
			name = tp10_if26;
			productName = tp10_if26;
			productReference = 1E80EB501FD70D5900D3D27D /* tp10_if26.app */;
			productType = "com.apple.product-type.application";
		};
/* End PBXNativeTarget section */

/* Begin PBXProject section */
		1E80EB481FD70D5900D3D27D /* Project object */ = {
			isa = PBXProject;
			attributes = {
				LastSwiftUpdateCheck = 0920;
				LastUpgradeCheck = 0920;
				ORGANIZATIONNAME = Sabri;
				TargetAttributes = {
					1E80EB4F1FD70D5900D3D27D = {
						CreatedOnToolsVersion = 9.2;
						ProvisioningStyle = Automatic;
					};
				};
			};
			buildConfigurationList = 1E80EB4B1FD70D5900D3D27D /* Build configuration list for PBXProject "tp10_if26" */;
			compatibilityVersion = "Xcode 8.0";
			developmentRegion = en;
			hasScannedForEncodings = 0;
			knownRegions = (
				en,
				Base,
			);
			mainGroup = 1E80EB471FD70D5900D3D27D;
			productRefGroup = 1E80EB511FD70D5900D3D27D /* Products */;
			projectDirPath = "";
			projectReferences = (
				{
					ProductGroup = 1EB5962C1FDC4DC0003CC888 /* Products */;
					ProjectRef = 1EB5962B1FDC4DC0003CC888 /* SQLite.xcodeproj */;
				},
			);
			projectRoot = "";
			targets = (
				1E80EB4F1FD70D5900D3D27D /* tp10_if26 */,
			);
		};
/* End PBXProject section */

/* Begin PBXReferenceProxy section */
		1EB596361FDC4DC1003CC888 /* SQLite.framework */ = {
			isa = PBXReferenceProxy;
			fileType = wrapper.framework;
			path = SQLite.framework;
			remoteRef = 1EB596351FDC4DC1003CC888 /* PBXContainerItemProxy */;
			sourceTree = BUILT_PRODUCTS_DIR;
		};
		1EB596381FDC4DC1003CC888 /* SQLiteTests iOS.xctest */ = {
			isa = PBXReferenceProxy;
			fileType = wrapper.cfbundle;
			path = "SQLiteTests iOS.xctest";
			remoteRef = 1EB596371FDC4DC1003CC888 /* PBXContainerItemProxy */;
			sourceTree = BUILT_PRODUCTS_DIR;
		};
		1EB5963A1FDC4DC1003CC888 /* SQLite.framework */ = {
			isa = PBXReferenceProxy;
			fileType = wrapper.framework;
			path = SQLite.framework;
			remoteRef = 1EB596391FDC4DC1003CC888 /* PBXContainerItemProxy */;
			sourceTree = BUILT_PRODUCTS_DIR;
		};
		1EB5963C1FDC4DC1003CC888 /* SQLiteTests Mac.xctest */ = {
			isa = PBXReferenceProxy;
			fileType = wrapper.cfbundle;
			path = "SQLiteTests Mac.xctest";
			remoteRef = 1EB5963B1FDC4DC1003CC888 /* PBXContainerItemProxy */;
			sourceTree = BUILT_PRODUCTS_DIR;
		};
		1EB5963E1FDC4DC1003CC888 /* SQLite.framework */ = {
			isa = PBXReferenceProxy;
			fileType = wrapper.framework;
			path = SQLite.framework;
			remoteRef = 1EB5963D1FDC4DC1003CC888 /* PBXContainerItemProxy */;
			sourceTree = BUILT_PRODUCTS_DIR;
		};
		1EB596401FDC4DC1003CC888 /* SQLiteTests tvOS.xctest */ = {
			isa = PBXReferenceProxy;
			fileType = wrapper.cfbundle;
			path = "SQLiteTests tvOS.xctest";
			remoteRef = 1EB5963F1FDC4DC1003CC888 /* PBXContainerItemProxy */;
			sourceTree = BUILT_PRODUCTS_DIR;
		};
		1EB596421FDC4DC1003CC888 /* SQLite.framework */ = {
			isa = PBXReferenceProxy;
			fileType = wrapper.framework;
			path = SQLite.framework;
			remoteRef = 1EB596411FDC4DC1003CC888 /* PBXContainerItemProxy */;
			sourceTree = BUILT_PRODUCTS_DIR;
		};
/* End PBXReferenceProxy section */

/* Begin PBXResourcesBuildPhase section */
		1E80EB4E1FD70D5900D3D27D /* Resources */ = {
			isa = PBXResourcesBuildPhase;
			buildActionMask = 2147483647;
			files = (
				1E80EB611FD70D5900D3D27D /* LaunchScreen.storyboard in Resources */,
				1E80EB5E1FD70D5900D3D27D /* Assets.xcassets in Resources */,
				1E80EB591FD70D5900D3D27D /* Main.storyboard in Resources */,
			);
			runOnlyForDeploymentPostprocessing = 0;
		};
/* End PBXResourcesBuildPhase section */

/* Begin PBXSourcesBuildPhase section */
		1E80EB4C1FD70D5900D3D27D /* Sources */ = {
			isa = PBXSourcesBuildPhase;
			buildActionMask = 2147483647;
			files = (
				1E80EB561FD70D5900D3D27D /* ViewController.swift in Sources */,
				1E80EB541FD70D5900D3D27D /* AppDelegate.swift in Sources */,
				1E80EB5C1FD70D5900D3D27D /* tp10_if26.xcdatamodeld in Sources */,
			);
			runOnlyForDeploymentPostprocessing = 0;
		};
/* End PBXSourcesBuildPhase section */

/* Begin PBXTargetDependency section */
		1EB596481FDC4DCE003CC888 /* PBXTargetDependency */ = {
			isa = PBXTargetDependency;
			name = "SQLite iOS";
			targetProxy = 1EB596471FDC4DCE003CC888 /* PBXContainerItemProxy */;
		};
/* End PBXTargetDependency section */

/* Begin PBXVariantGroup section */
		1E80EB571FD70D5900D3D27D /* Main.storyboard */ = {
			isa = PBXVariantGroup;
			children = (
				1E80EB581FD70D5900D3D27D /* Base */,
			);
			name = Main.storyboard;
			sourceTree = "<group>";
		};
		1E80EB5F1FD70D5900D3D27D /* LaunchScreen.storyboard */ = {
			isa = PBXVariantGroup;
			children = (
				1E80EB601FD70D5900D3D27D /* Base */,
			);
			name = LaunchScreen.storyboard;
			sourceTree = "<group>";
		};
/* End PBXVariantGroup section */

/* Begin XCBuildConfiguration section */
		1E80EB631FD70D5900D3D27D /* Debug */ = {
			isa = XCBuildConfiguration;
			buildSettings = {
				ALWAYS_SEARCH_USER_PATHS = NO;
				CLANG_ANALYZER_NONNULL = YES;
				CLANG_ANALYZER_NUMBER_OBJECT_CONVERSION = YES_AGGRESSIVE;
				CLANG_CXX_LANGUAGE_STANDARD = "gnu++14";
				CLANG_CXX_LIBRARY = "libc++";
				CLANG_ENABLE_MODULES = YES;
				CLANG_ENABLE_OBJC_ARC = YES;
				CLANG_WARN_BLOCK_CAPTURE_AUTORELEASING = YES;
				CLANG_WARN_BOOL_CONVERSION = YES;
				CLANG_WARN_COMMA = YES;
				CLANG_WARN_CONSTANT_CONVERSION = YES;
				CLANG_WARN_DIRECT_OBJC_ISA_USAGE = YES_ERROR;
				CLANG_WARN_DOCUMENTATION_COMMENTS = YES;
				CLANG_WARN_EMPTY_BODY = YES;
				CLANG_WARN_ENUM_CONVERSION = YES;
				CLANG_WARN_INFINITE_RECURSION = YES;
				CLANG_WARN_INT_CONVERSION = YES;
				CLANG_WARN_NON_LITERAL_NULL_CONVERSION = YES;
				CLANG_WARN_OBJC_LITERAL_CONVERSION = YES;
				CLANG_WARN_OBJC_ROOT_CLASS = YES_ERROR;
				CLANG_WARN_RANGE_LOOP_ANALYSIS = YES;
				CLANG_WARN_STRICT_PROTOTYPES = YES;
				CLANG_WARN_SUSPICIOUS_MOVE = YES;
				CLANG_WARN_UNGUARDED_AVAILABILITY = YES_AGGRESSIVE;
				CLANG_WARN_UNREACHABLE_CODE = YES;
				CLANG_WARN__DUPLICATE_METHOD_MATCH = YES;
				CODE_SIGN_IDENTITY = "iPhone Developer";
				COPY_PHASE_STRIP = NO;
				DEBUG_INFORMATION_FORMAT = dwarf;
				ENABLE_STRICT_OBJC_MSGSEND = YES;
				ENABLE_TESTABILITY = YES;
				GCC_C_LANGUAGE_STANDARD = gnu11;
				GCC_DYNAMIC_NO_PIC = NO;
				GCC_NO_COMMON_BLOCKS = YES;
				GCC_OPTIMIZATION_LEVEL = 0;
				GCC_PREPROCESSOR_DEFINITIONS = (
					"DEBUG=1",
					"$(inherited)",
				);
				GCC_WARN_64_TO_32_BIT_CONVERSION = YES;
				GCC_WARN_ABOUT_RETURN_TYPE = YES_ERROR;
				GCC_WARN_UNDECLARED_SELECTOR = YES;
				GCC_WARN_UNINITIALIZED_AUTOS = YES_AGGRESSIVE;
				GCC_WARN_UNUSED_FUNCTION = YES;
				GCC_WARN_UNUSED_VARIABLE = YES;
				IPHONEOS_DEPLOYMENT_TARGET = 11.2;
				MTL_ENABLE_DEBUG_INFO = YES;
				ONLY_ACTIVE_ARCH = YES;
				SDKROOT = iphoneos;
				SWIFT_ACTIVE_COMPILATION_CONDITIONS = DEBUG;
				SWIFT_OPTIMIZATION_LEVEL = "-Onone";
			};
			name = Debug;
		};
		1E80EB641FD70D5900D3D27D /* Release */ = {
			isa = XCBuildConfiguration;
			buildSettings = {
				ALWAYS_SEARCH_USER_PATHS = NO;
				CLANG_ANALYZER_NONNULL = YES;
				CLANG_ANALYZER_NUMBER_OBJECT_CONVERSION = YES_AGGRESSIVE;
				CLANG_CXX_LANGUAGE_STANDARD = "gnu++14";
				CLANG_CXX_LIBRARY = "libc++";
				CLANG_ENABLE_MODULES = YES;
				CLANG_ENABLE_OBJC_ARC = YES;
				CLANG_WARN_BLOCK_CAPTURE_AUTORELEASING = YES;
				CLANG_WARN_BOOL_CONVERSION = YES;
				CLANG_WARN_COMMA = YES;
				CLANG_WARN_CONSTANT_CONVERSION = YES;
				CLANG_WARN_DIRECT_OBJC_ISA_USAGE = YES_ERROR;
				CLANG_WARN_DOCUMENTATION_COMMENTS = YES;
				CLANG_WARN_EMPTY_BODY = YES;
				CLANG_WARN_ENUM_CONVERSION = YES;
				CLANG_WARN_INFINITE_RECURSION = YES;
				CLANG_WARN_INT_CONVERSION = YES;
				CLANG_WARN_NON_LITERAL_NULL_CONVERSION = YES;
				CLANG_WARN_OBJC_LITERAL_CONVERSION = YES;
				CLANG_WARN_OBJC_ROOT_CLASS = YES_ERROR;
				CLANG_WARN_RANGE_LOOP_ANALYSIS = YES;
				CLANG_WARN_STRICT_PROTOTYPES = YES;
				CLANG_WARN_SUSPICIOUS_MOVE = YES;
				CLANG_WARN_UNGUARDED_AVAILABILITY = YES_AGGRESSIVE;
				CLANG_WARN_UNREACHABLE_CODE = YES;
				CLANG_WARN__DUPLICATE_METHOD_MATCH = YES;
				CODE_SIGN_IDENTITY = "iPhone Developer";
				COPY_PHASE_STRIP = NO;
				DEBUG_INFORMATION_FORMAT = "dwarf-with-dsym";
				ENABLE_NS_ASSERTIONS = NO;
				ENABLE_STRICT_OBJC_MSGSEND = YES;
				GCC_C_LANGUAGE_STANDARD = gnu11;
				GCC_NO_COMMON_BLOCKS = YES;
				GCC_WARN_64_TO_32_BIT_CONVERSION = YES;
				GCC_WARN_ABOUT_RETURN_TYPE = YES_ERROR;
				GCC_WARN_UNDECLARED_SELECTOR = YES;
				GCC_WARN_UNINITIALIZED_AUTOS = YES_AGGRESSIVE;
				GCC_WARN_UNUSED_FUNCTION = YES;
				GCC_WARN_UNUSED_VARIABLE = YES;
				IPHONEOS_DEPLOYMENT_TARGET = 11.2;
				MTL_ENABLE_DEBUG_INFO = NO;
				SDKROOT = iphoneos;
				SWIFT_OPTIMIZATION_LEVEL = "-Owholemodule";
				VALIDATE_PRODUCT = YES;
			};
			name = Release;
		};
		1E80EB661FD70D5900D3D27D /* Debug */ = {
			isa = XCBuildConfiguration;
			buildSettings = {
				ALWAYS_EMBED_SWIFT_STANDARD_LIBRARIES = YES;
				ASSETCATALOG_COMPILER_APPICON_NAME = AppIcon;
				CODE_SIGN_STYLE = Automatic;
				INFOPLIST_FILE = tp10_if26/Info.plist;
				LD_RUNPATH_SEARCH_PATHS = "$(inherited) @executable_path/Frameworks";
				PRODUCT_BUNDLE_IDENTIFIER = "utt.tp10-if26";
				PRODUCT_NAME = "$(TARGET_NAME)";
				SWIFT_VERSION = 4.0;
				TARGETED_DEVICE_FAMILY = "1,2";
			};
			name = Debug;
		};
		1E80EB671FD70D5900D3D27D /* Release */ = {
			isa = XCBuildConfiguration;
			buildSettings = {
				ALWAYS_EMBED_SWIFT_STANDARD_LIBRARIES = YES;
				ASSETCATALOG_COMPILER_APPICON_NAME = AppIcon;
				CODE_SIGN_STYLE = Automatic;
				INFOPLIST_FILE = tp10_if26/Info.plist;
				LD_RUNPATH_SEARCH_PATHS = "$(inherited) @executable_path/Frameworks";
				PRODUCT_BUNDLE_IDENTIFIER = "utt.tp10-if26";
				PRODUCT_NAME = "$(TARGET_NAME)";
				SWIFT_VERSION = 4.0;
				TARGETED_DEVICE_FAMILY = "1,2";
			};
			name = Release;
		};
/* End XCBuildConfiguration section */

/* Begin XCConfigurationList section */
		1E80EB4B1FD70D5900D3D27D /* Build configuration list for PBXProject "tp10_if26" */ = {
			isa = XCConfigurationList;
			buildConfigurations = (
				1E80EB631FD70D5900D3D27D /* Debug */,
				1E80EB641FD70D5900D3D27D /* Release */,
			);
			defaultConfigurationIsVisible = 0;
			defaultConfigurationName = Release;
		};
		1E80EB651FD70D5900D3D27D /* Build configuration list for PBXNativeTarget "tp10_if26" */ = {
			isa = XCConfigurationList;
			buildConfigurations = (
				1E80EB661FD70D5900D3D27D /* Debug */,
				1E80EB671FD70D5900D3D27D /* Release */,
			);
			defaultConfigurationIsVisible = 0;
			defaultConfigurationName = Release;
		};
/* End XCConfigurationList section */

/* Begin XCVersionGroup section */
		1E80EB5A1FD70D5900D3D27D /* tp10_if26.xcdatamodeld */ = {
			isa = XCVersionGroup;
			children = (
				1E80EB5B1FD70D5900D3D27D /* tp10_if26.xcdatamodel */,
			);
			currentVersion = 1E80EB5B1FD70D5900D3D27D /* tp10_if26.xcdatamodel */;
			path = tp10_if26.xcdatamodeld;
			sourceTree = "<group>";
			versionGroupType = wrapper.xcdatamodel;
		};
/* End XCVersionGroup section */
	};
	rootObject = 1E80EB481FD70D5900D3D27D /* Project object */;
}
