// !$*UTF8*$!
{
	archiveVersion = 1;
	classes = {
	};
	objectVersion = 48;
	objects = {

/* Begin PBXBuildFile section */
		1E82B79A1FC49854004179B4 /* AppDelegate.swift in Sources */ = {isa = PBXBuildFile; fileRef = 1E82B7991FC49854004179B4 /* AppDelegate.swift */; };
		1E82B79C1FC49854004179B4 /* ViewController.swift in Sources */ = {isa = PBXBuildFile; fileRef = 1E82B79B1FC49854004179B4 /* ViewController.swift */; };
		1E82B79F1FC49854004179B4 /* Main.storyboard in Resources */ = {isa = PBXBuildFile; fileRef = 1E82B79D1FC49854004179B4 /* Main.storyboard */; };
		1E82B7A11FC49854004179B4 /* Assets.xcassets in Resources */ = {isa = PBXBuildFile; fileRef = 1E82B7A01FC49854004179B4 /* Assets.xcassets */; };
		1E82B7A41FC49854004179B4 /* LaunchScreen.storyboard in Resources */ = {isa = PBXBuildFile; fileRef = 1E82B7A21FC49854004179B4 /* LaunchScreen.storyboard */; };
		1E82B7AF1FC49854004179B4 /* if26_tp08Tests.swift in Sources */ = {isa = PBXBuildFile; fileRef = 1E82B7AE1FC49854004179B4 /* if26_tp08Tests.swift */; };
		1E82B7BA1FC49854004179B4 /* if26_tp08UITests.swift in Sources */ = {isa = PBXBuildFile; fileRef = 1E82B7B91FC49854004179B4 /* if26_tp08UITests.swift */; };
		1E82B7C81FC49F20004179B4 /* GameController.swift in Sources */ = {isa = PBXBuildFile; fileRef = 1E82B7C71FC49F20004179B4 /* GameController.swift */; };
/* End PBXBuildFile section */

/* Begin PBXContainerItemProxy section */
		1E82B7AB1FC49854004179B4 /* PBXContainerItemProxy */ = {
			isa = PBXContainerItemProxy;
			containerPortal = 1E82B78E1FC49854004179B4 /* Project object */;
			proxyType = 1;
			remoteGlobalIDString = 1E82B7951FC49854004179B4;
			remoteInfo = if26_tp08;
		};
		1E82B7B61FC49854004179B4 /* PBXContainerItemProxy */ = {
			isa = PBXContainerItemProxy;
			containerPortal = 1E82B78E1FC49854004179B4 /* Project object */;
			proxyType = 1;
			remoteGlobalIDString = 1E82B7951FC49854004179B4;
			remoteInfo = if26_tp08;
		};
/* End PBXContainerItemProxy section */

/* Begin PBXFileReference section */
		1E82B7961FC49854004179B4 /* if26_tp08.app */ = {isa = PBXFileReference; explicitFileType = wrapper.application; includeInIndex = 0; path = if26_tp08.app; sourceTree = BUILT_PRODUCTS_DIR; };
		1E82B7991FC49854004179B4 /* AppDelegate.swift */ = {isa = PBXFileReference; lastKnownFileType = sourcecode.swift; path = AppDelegate.swift; sourceTree = "<group>"; };
		1E82B79B1FC49854004179B4 /* ViewController.swift */ = {isa = PBXFileReference; lastKnownFileType = sourcecode.swift; path = ViewController.swift; sourceTree = "<group>"; };
		1E82B79E1FC49854004179B4 /* Base */ = {isa = PBXFileReference; lastKnownFileType = file.storyboard; name = Base; path = Base.lproj/Main.storyboard; sourceTree = "<group>"; };
		1E82B7A01FC49854004179B4 /* Assets.xcassets */ = {isa = PBXFileReference; lastKnownFileType = folder.assetcatalog; path = Assets.xcassets; sourceTree = "<group>"; };
		1E82B7A31FC49854004179B4 /* Base */ = {isa = PBXFileReference; lastKnownFileType = file.storyboard; name = Base; path = Base.lproj/LaunchScreen.storyboard; sourceTree = "<group>"; };
		1E82B7A51FC49854004179B4 /* Info.plist */ = {isa = PBXFileReference; lastKnownFileType = text.plist.xml; path = Info.plist; sourceTree = "<group>"; };
		1E82B7AA1FC49854004179B4 /* if26_tp08Tests.xctest */ = {isa = PBXFileReference; explicitFileType = wrapper.cfbundle; includeInIndex = 0; path = if26_tp08Tests.xctest; sourceTree = BUILT_PRODUCTS_DIR; };
		1E82B7AE1FC49854004179B4 /* if26_tp08Tests.swift */ = {isa = PBXFileReference; lastKnownFileType = sourcecode.swift; path = if26_tp08Tests.swift; sourceTree = "<group>"; };
		1E82B7B01FC49854004179B4 /* Info.plist */ = {isa = PBXFileReference; lastKnownFileType = text.plist.xml; path = Info.plist; sourceTree = "<group>"; };
		1E82B7B51FC49854004179B4 /* if26_tp08UITests.xctest */ = {isa = PBXFileReference; explicitFileType = wrapper.cfbundle; includeInIndex = 0; path = if26_tp08UITests.xctest; sourceTree = BUILT_PRODUCTS_DIR; };
		1E82B7B91FC49854004179B4 /* if26_tp08UITests.swift */ = {isa = PBXFileReference; lastKnownFileType = sourcecode.swift; path = if26_tp08UITests.swift; sourceTree = "<group>"; };
		1E82B7BB1FC49854004179B4 /* Info.plist */ = {isa = PBXFileReference; lastKnownFileType = text.plist.xml; path = Info.plist; sourceTree = "<group>"; };
		1E82B7C71FC49F20004179B4 /* GameController.swift */ = {isa = PBXFileReference; lastKnownFileType = sourcecode.swift; path = GameController.swift; sourceTree = "<group>"; };
/* End PBXFileReference section */

/* Begin PBXFrameworksBuildPhase section */
		1E82B7931FC49854004179B4 /* Frameworks */ = {
			isa = PBXFrameworksBuildPhase;
			buildActionMask = 2147483647;
			files = (
			);
			runOnlyForDeploymentPostprocessing = 0;
		};
		1E82B7A71FC49854004179B4 /* Frameworks */ = {
			isa = PBXFrameworksBuildPhase;
			buildActionMask = 2147483647;
			files = (
			);
			runOnlyForDeploymentPostprocessing = 0;
		};
		1E82B7B21FC49854004179B4 /* Frameworks */ = {
			isa = PBXFrameworksBuildPhase;
			buildActionMask = 2147483647;
			files = (
			);
			runOnlyForDeploymentPostprocessing = 0;
		};
/* End PBXFrameworksBuildPhase section */

/* Begin PBXGroup section */
		1E82B78D1FC49854004179B4 = {
			isa = PBXGroup;
			children = (
				1E82B7981FC49854004179B4 /* if26_tp08 */,
				1E82B7AD1FC49854004179B4 /* if26_tp08Tests */,
				1E82B7B81FC49854004179B4 /* if26_tp08UITests */,
				1E82B7971FC49854004179B4 /* Products */,
			);
			sourceTree = "<group>";
		};
		1E82B7971FC49854004179B4 /* Products */ = {
			isa = PBXGroup;
			children = (
				1E82B7961FC49854004179B4 /* if26_tp08.app */,
				1E82B7AA1FC49854004179B4 /* if26_tp08Tests.xctest */,
				1E82B7B51FC49854004179B4 /* if26_tp08UITests.xctest */,
			);
			name = Products;
			sourceTree = "<group>";
		};
		1E82B7981FC49854004179B4 /* if26_tp08 */ = {
			isa = PBXGroup;
			children = (
				1E82B7991FC49854004179B4 /* AppDelegate.swift */,
				1E82B79B1FC49854004179B4 /* ViewController.swift */,
				1E82B79D1FC49854004179B4 /* Main.storyboard */,
				1E82B7C71FC49F20004179B4 /* GameController.swift */,
				1E82B7A01FC49854004179B4 /* Assets.xcassets */,
				1E82B7A21FC49854004179B4 /* LaunchScreen.storyboard */,
				1E82B7A51FC49854004179B4 /* Info.plist */,
			);
			path = if26_tp08;
			sourceTree = "<group>";
		};
		1E82B7AD1FC49854004179B4 /* if26_tp08Tests */ = {
			isa = PBXGroup;
			children = (
				1E82B7AE1FC49854004179B4 /* if26_tp08Tests.swift */,
				1E82B7B01FC49854004179B4 /* Info.plist */,
			);
			path = if26_tp08Tests;
			sourceTree = "<group>";
		};
		1E82B7B81FC49854004179B4 /* if26_tp08UITests */ = {
			isa = PBXGroup;
			children = (
				1E82B7B91FC49854004179B4 /* if26_tp08UITests.swift */,
				1E82B7BB1FC49854004179B4 /* Info.plist */,
			);
			path = if26_tp08UITests;
			sourceTree = "<group>";
		};
/* End PBXGroup section */

/* Begin PBXNativeTarget section */
		1E82B7951FC49854004179B4 /* if26_tp08 */ = {
			isa = PBXNativeTarget;
			buildConfigurationList = 1E82B7BE1FC49854004179B4 /* Build configuration list for PBXNativeTarget "if26_tp08" */;
			buildPhases = (
				1E82B7921FC49854004179B4 /* Sources */,
				1E82B7931FC49854004179B4 /* Frameworks */,
				1E82B7941FC49854004179B4 /* Resources */,
			);
			buildRules = (
			);
			dependencies = (
			);
			name = if26_tp08;
			productName = if26_tp08;
			productReference = 1E82B7961FC49854004179B4 /* if26_tp08.app */;
			productType = "com.apple.product-type.application";
		};
		1E82B7A91FC49854004179B4 /* if26_tp08Tests */ = {
			isa = PBXNativeTarget;
			buildConfigurationList = 1E82B7C11FC49854004179B4 /* Build configuration list for PBXNativeTarget "if26_tp08Tests" */;
			buildPhases = (
				1E82B7A61FC49854004179B4 /* Sources */,
				1E82B7A71FC49854004179B4 /* Frameworks */,
				1E82B7A81FC49854004179B4 /* Resources */,
			);
			buildRules = (
			);
			dependencies = (
				1E82B7AC1FC49854004179B4 /* PBXTargetDependency */,
			);
			name = if26_tp08Tests;
			productName = if26_tp08Tests;
			productReference = 1E82B7AA1FC49854004179B4 /* if26_tp08Tests.xctest */;
			productType = "com.apple.product-type.bundle.unit-test";
		};
		1E82B7B41FC49854004179B4 /* if26_tp08UITests */ = {
			isa = PBXNativeTarget;
			buildConfigurationList = 1E82B7C41FC49854004179B4 /* Build configuration list for PBXNativeTarget "if26_tp08UITests" */;
			buildPhases = (
				1E82B7B11FC49854004179B4 /* Sources */,
				1E82B7B21FC49854004179B4 /* Frameworks */,
				1E82B7B31FC49854004179B4 /* Resources */,
			);
			buildRules = (
			);
			dependencies = (
				1E82B7B71FC49854004179B4 /* PBXTargetDependency */,
			);
			name = if26_tp08UITests;
			productName = if26_tp08UITests;
			productReference = 1E82B7B51FC49854004179B4 /* if26_tp08UITests.xctest */;
			productType = "com.apple.product-type.bundle.ui-testing";
		};
/* End PBXNativeTarget section */

/* Begin PBXProject section */
		1E82B78E1FC49854004179B4 /* Project object */ = {
			isa = PBXProject;
			attributes = {
				LastSwiftUpdateCheck = 0910;
				LastUpgradeCheck = 0910;
				ORGANIZATIONNAME = Sabri;
				TargetAttributes = {
					1E82B7951FC49854004179B4 = {
						CreatedOnToolsVersion = 9.1;
						ProvisioningStyle = Automatic;
					};
					1E82B7A91FC49854004179B4 = {
						CreatedOnToolsVersion = 9.1;
						ProvisioningStyle = Automatic;
						TestTargetID = 1E82B7951FC49854004179B4;
					};
					1E82B7B41FC49854004179B4 = {
						CreatedOnToolsVersion = 9.1;
						ProvisioningStyle = Automatic;
						TestTargetID = 1E82B7951FC49854004179B4;
					};
				};
			};
			buildConfigurationList = 1E82B7911FC49854004179B4 /* Build configuration list for PBXProject "if26_tp08" */;
			compatibilityVersion = "Xcode 8.0";
			developmentRegion = en;
			hasScannedForEncodings = 0;
			knownRegions = (
				en,
				Base,
			);
			mainGroup = 1E82B78D1FC49854004179B4;
			productRefGroup = 1E82B7971FC49854004179B4 /* Products */;
			projectDirPath = "";
			projectRoot = "";
			targets = (
				1E82B7951FC49854004179B4 /* if26_tp08 */,
				1E82B7A91FC49854004179B4 /* if26_tp08Tests */,
				1E82B7B41FC49854004179B4 /* if26_tp08UITests */,
			);
		};
/* End PBXProject section */

/* Begin PBXResourcesBuildPhase section */
		1E82B7941FC49854004179B4 /* Resources */ = {
			isa = PBXResourcesBuildPhase;
			buildActionMask = 2147483647;
			files = (
				1E82B7A41FC49854004179B4 /* LaunchScreen.storyboard in Resources */,
				1E82B7A11FC49854004179B4 /* Assets.xcassets in Resources */,
				1E82B79F1FC49854004179B4 /* Main.storyboard in Resources */,
			);
			runOnlyForDeploymentPostprocessing = 0;
		};
		1E82B7A81FC49854004179B4 /* Resources */ = {
			isa = PBXResourcesBuildPhase;
			buildActionMask = 2147483647;
			files = (
			);
			runOnlyForDeploymentPostprocessing = 0;
		};
		1E82B7B31FC49854004179B4 /* Resources */ = {
			isa = PBXResourcesBuildPhase;
			buildActionMask = 2147483647;
			files = (
			);
			runOnlyForDeploymentPostprocessing = 0;
		};
/* End PBXResourcesBuildPhase section */

/* Begin PBXSourcesBuildPhase section */
		1E82B7921FC49854004179B4 /* Sources */ = {
			isa = PBXSourcesBuildPhase;
			buildActionMask = 2147483647;
			files = (
				1E82B79C1FC49854004179B4 /* ViewController.swift in Sources */,
				1E82B7C81FC49F20004179B4 /* GameController.swift in Sources */,
				1E82B79A1FC49854004179B4 /* AppDelegate.swift in Sources */,
			);
			runOnlyForDeploymentPostprocessing = 0;
		};
		1E82B7A61FC49854004179B4 /* Sources */ = {
			isa = PBXSourcesBuildPhase;
			buildActionMask = 2147483647;
			files = (
				1E82B7AF1FC49854004179B4 /* if26_tp08Tests.swift in Sources */,
			);
			runOnlyForDeploymentPostprocessing = 0;
		};
		1E82B7B11FC49854004179B4 /* Sources */ = {
			isa = PBXSourcesBuildPhase;
			buildActionMask = 2147483647;
			files = (
				1E82B7BA1FC49854004179B4 /* if26_tp08UITests.swift in Sources */,
			);
			runOnlyForDeploymentPostprocessing = 0;
		};
/* End PBXSourcesBuildPhase section */

/* Begin PBXTargetDependency section */
		1E82B7AC1FC49854004179B4 /* PBXTargetDependency */ = {
			isa = PBXTargetDependency;
			target = 1E82B7951FC49854004179B4 /* if26_tp08 */;
			targetProxy = 1E82B7AB1FC49854004179B4 /* PBXContainerItemProxy */;
		};
		1E82B7B71FC49854004179B4 /* PBXTargetDependency */ = {
			isa = PBXTargetDependency;
			target = 1E82B7951FC49854004179B4 /* if26_tp08 */;
			targetProxy = 1E82B7B61FC49854004179B4 /* PBXContainerItemProxy */;
		};
/* End PBXTargetDependency section */

/* Begin PBXVariantGroup section */
		1E82B79D1FC49854004179B4 /* Main.storyboard */ = {
			isa = PBXVariantGroup;
			children = (
				1E82B79E1FC49854004179B4 /* Base */,
			);
			name = Main.storyboard;
			sourceTree = "<group>";
		};
		1E82B7A21FC49854004179B4 /* LaunchScreen.storyboard */ = {
			isa = PBXVariantGroup;
			children = (
				1E82B7A31FC49854004179B4 /* Base */,
			);
			name = LaunchScreen.storyboard;
			sourceTree = "<group>";
		};
/* End PBXVariantGroup section */

/* Begin XCBuildConfiguration section */
		1E82B7BC1FC49854004179B4 /* Debug */ = {
			isa = XCBuildConfiguration;
			buildSettings = {
				ALWAYS_SEARCH_USER_PATHS = NO;
				CLANG_ANALYZER_NONNULL = YES;
				CLANG_ANALYZER_NUMBER_OBJECT_CONVERSION = YES_AGGRESSIVE;
				CLANG_CXX_LANGUAGE_STANDARD = "gnu++14";
				CLANG_CXX_LIBRARY = "libc++";
				CLANG_ENABLE_MODULES = YES;
				CLANG_ENABLE_OBJC_ARC = YES;
				CLANG_WARN_BLOCK_CAPTURE_AUTORELEASING = YES;
				CLANG_WARN_BOOL_CONVERSION = YES;
				CLANG_WARN_COMMA = YES;
				CLANG_WARN_CONSTANT_CONVERSION = YES;
				CLANG_WARN_DIRECT_OBJC_ISA_USAGE = YES_ERROR;
				CLANG_WARN_DOCUMENTATION_COMMENTS = YES;
				CLANG_WARN_EMPTY_BODY = YES;
				CLANG_WARN_ENUM_CONVERSION = YES;
				CLANG_WARN_INFINITE_RECURSION = YES;
				CLANG_WARN_INT_CONVERSION = YES;
				CLANG_WARN_NON_LITERAL_NULL_CONVERSION = YES;
				CLANG_WARN_OBJC_LITERAL_CONVERSION = YES;
				CLANG_WARN_OBJC_ROOT_CLASS = YES_ERROR;
				CLANG_WARN_RANGE_LOOP_ANALYSIS = YES;
				CLANG_WARN_STRICT_PROTOTYPES = YES;
				CLANG_WARN_SUSPICIOUS_MOVE = YES;
				CLANG_WARN_UNGUARDED_AVAILABILITY = YES_AGGRESSIVE;
				CLANG_WARN_UNREACHABLE_CODE = YES;
				CLANG_WARN__DUPLICATE_METHOD_MATCH = YES;
				CODE_SIGN_IDENTITY = "iPhone Developer";
				COPY_PHASE_STRIP = NO;
				DEBUG_INFORMATION_FORMAT = dwarf;
				ENABLE_STRICT_OBJC_MSGSEND = YES;
				ENABLE_TESTABILITY = YES;
				GCC_C_LANGUAGE_STANDARD = gnu11;
				GCC_DYNAMIC_NO_PIC = NO;
				GCC_NO_COMMON_BLOCKS = YES;
				GCC_OPTIMIZATION_LEVEL = 0;
				GCC_PREPROCESSOR_DEFINITIONS = (
					"DEBUG=1",
					"$(inherited)",
				);
				GCC_WARN_64_TO_32_BIT_CONVERSION = YES;
				GCC_WARN_ABOUT_RETURN_TYPE = YES_ERROR;
				GCC_WARN_UNDECLARED_SELECTOR = YES;
				GCC_WARN_UNINITIALIZED_AUTOS = YES_AGGRESSIVE;
				GCC_WARN_UNUSED_FUNCTION = YES;
				GCC_WARN_UNUSED_VARIABLE = YES;
				IPHONEOS_DEPLOYMENT_TARGET = 11.1;
				MTL_ENABLE_DEBUG_INFO = YES;
				ONLY_ACTIVE_ARCH = YES;
				SDKROOT = iphoneos;
				SWIFT_ACTIVE_COMPILATION_CONDITIONS = DEBUG;
				SWIFT_OPTIMIZATION_LEVEL = "-Onone";
			};
			name = Debug;
		};
		1E82B7BD1FC49854004179B4 /* Release */ = {
			isa = XCBuildConfiguration;
			buildSettings = {
				ALWAYS_SEARCH_USER_PATHS = NO;
				CLANG_ANALYZER_NONNULL = YES;
				CLANG_ANALYZER_NUMBER_OBJECT_CONVERSION = YES_AGGRESSIVE;
				CLANG_CXX_LANGUAGE_STANDARD = "gnu++14";
				CLANG_CXX_LIBRARY = "libc++";
				CLANG_ENABLE_MODULES = YES;
				CLANG_ENABLE_OBJC_ARC = YES;
				CLANG_WARN_BLOCK_CAPTURE_AUTORELEASING = YES;
				CLANG_WARN_BOOL_CONVERSION = YES;
				CLANG_WARN_COMMA = YES;
				CLANG_WARN_CONSTANT_CONVERSION = YES;
				CLANG_WARN_DIRECT_OBJC_ISA_USAGE = YES_ERROR;
				CLANG_WARN_DOCUMENTATION_COMMENTS = YES;
				CLANG_WARN_EMPTY_BODY = YES;
				CLANG_WARN_ENUM_CONVERSION = YES;
				CLANG_WARN_INFINITE_RECURSION = YES;
				CLANG_WARN_INT_CONVERSION = YES;
				CLANG_WARN_NON_LITERAL_NULL_CONVERSION = YES;
				CLANG_WARN_OBJC_LITERAL_CONVERSION = YES;
				CLANG_WARN_OBJC_ROOT_CLASS = YES_ERROR;
				CLANG_WARN_RANGE_LOOP_ANALYSIS = YES;
				CLANG_WARN_STRICT_PROTOTYPES = YES;
				CLANG_WARN_SUSPICIOUS_MOVE = YES;
				CLANG_WARN_UNGUARDED_AVAILABILITY = YES_AGGRESSIVE;
				CLANG_WARN_UNREACHABLE_CODE = YES;
				CLANG_WARN__DUPLICATE_METHOD_MATCH = YES;
				CODE_SIGN_IDENTITY = "iPhone Developer";
				COPY_PHASE_STRIP = NO;
				DEBUG_INFORMATION_FORMAT = "dwarf-with-dsym";
				ENABLE_NS_ASSERTIONS = NO;
				ENABLE_STRICT_OBJC_MSGSEND = YES;
				GCC_C_LANGUAGE_STANDARD = gnu11;
				GCC_NO_COMMON_BLOCKS = YES;
				GCC_WARN_64_TO_32_BIT_CONVERSION = YES;
				GCC_WARN_ABOUT_RETURN_TYPE = YES_ERROR;
				GCC_WARN_UNDECLARED_SELECTOR = YES;
				GCC_WARN_UNINITIALIZED_AUTOS = YES_AGGRESSIVE;
				GCC_WARN_UNUSED_FUNCTION = YES;
				GCC_WARN_UNUSED_VARIABLE = YES;
				IPHONEOS_DEPLOYMENT_TARGET = 11.1;
				MTL_ENABLE_DEBUG_INFO = NO;
				SDKROOT = iphoneos;
				SWIFT_OPTIMIZATION_LEVEL = "-Owholemodule";
				VALIDATE_PRODUCT = YES;
			};
			name = Release;
		};
		1E82B7BF1FC49854004179B4 /* Debug */ = {
			isa = XCBuildConfiguration;
			buildSettings = {
				ASSETCATALOG_COMPILER_APPICON_NAME = AppIcon;
				CODE_SIGN_STYLE = Automatic;
				INFOPLIST_FILE = if26_tp08/Info.plist;
				IPHONEOS_DEPLOYMENT_TARGET = 11.2;
				LD_RUNPATH_SEARCH_PATHS = "$(inherited) @executable_path/Frameworks";
				PRODUCT_BUNDLE_IDENTIFIER = "utt.if26-tp08";
				PRODUCT_NAME = "$(TARGET_NAME)";
				SWIFT_VERSION = 4.0;
				TARGETED_DEVICE_FAMILY = "1,2";
			};
			name = Debug;
		};
		1E82B7C01FC49854004179B4 /* Release */ = {
			isa = XCBuildConfiguration;
			buildSettings = {
				ASSETCATALOG_COMPILER_APPICON_NAME = AppIcon;
				CODE_SIGN_STYLE = Automatic;
				INFOPLIST_FILE = if26_tp08/Info.plist;
				IPHONEOS_DEPLOYMENT_TARGET = 11.2;
				LD_RUNPATH_SEARCH_PATHS = "$(inherited) @executable_path/Frameworks";
				PRODUCT_BUNDLE_IDENTIFIER = "utt.if26-tp08";
				PRODUCT_NAME = "$(TARGET_NAME)";
				SWIFT_VERSION = 4.0;
				TARGETED_DEVICE_FAMILY = "1,2";
			};
			name = Release;
		};
		1E82B7C21FC49854004179B4 /* Debug */ = {
			isa = XCBuildConfiguration;
			buildSettings = {
				ALWAYS_EMBED_SWIFT_STANDARD_LIBRARIES = YES;
				BUNDLE_LOADER = "$(TEST_HOST)";
				CODE_SIGN_STYLE = Automatic;
				INFOPLIST_FILE = if26_tp08Tests/Info.plist;
				LD_RUNPATH_SEARCH_PATHS = "$(inherited) @executable_path/Frameworks @loader_path/Frameworks";
				PRODUCT_BUNDLE_IDENTIFIER = "utt.if26-tp08Tests";
				PRODUCT_NAME = "$(TARGET_NAME)";
				SWIFT_VERSION = 4.0;
				TARGETED_DEVICE_FAMILY = "1,2";
				TEST_HOST = "$(BUILT_PRODUCTS_DIR)/if26_tp08.app/if26_tp08";
			};
			name = Debug;
		};
		1E82B7C31FC49854004179B4 /* Release */ = {
			isa = XCBuildConfiguration;
			buildSettings = {
				ALWAYS_EMBED_SWIFT_STANDARD_LIBRARIES = YES;
				BUNDLE_LOADER = "$(TEST_HOST)";
				CODE_SIGN_STYLE = Automatic;
				INFOPLIST_FILE = if26_tp08Tests/Info.plist;
				LD_RUNPATH_SEARCH_PATHS = "$(inherited) @executable_path/Frameworks @loader_path/Frameworks";
				PRODUCT_BUNDLE_IDENTIFIER = "utt.if26-tp08Tests";
				PRODUCT_NAME = "$(TARGET_NAME)";
				SWIFT_VERSION = 4.0;
				TARGETED_DEVICE_FAMILY = "1,2";
				TEST_HOST = "$(BUILT_PRODUCTS_DIR)/if26_tp08.app/if26_tp08";
			};
			name = Release;
		};
		1E82B7C51FC49854004179B4 /* Debug */ = {
			isa = XCBuildConfiguration;
			buildSettings = {
				ALWAYS_EMBED_SWIFT_STANDARD_LIBRARIES = YES;
				CODE_SIGN_STYLE = Automatic;
				INFOPLIST_FILE = if26_tp08UITests/Info.plist;
				LD_RUNPATH_SEARCH_PATHS = "$(inherited) @executable_path/Frameworks @loader_path/Frameworks";
				PRODUCT_BUNDLE_IDENTIFIER = "utt.if26-tp08UITests";
				PRODUCT_NAME = "$(TARGET_NAME)";
				SWIFT_VERSION = 4.0;
				TARGETED_DEVICE_FAMILY = "1,2";
				TEST_TARGET_NAME = if26_tp08;
			};
			name = Debug;
		};
		1E82B7C61FC49854004179B4 /* Release */ = {
			isa = XCBuildConfiguration;
			buildSettings = {
				ALWAYS_EMBED_SWIFT_STANDARD_LIBRARIES = YES;
				CODE_SIGN_STYLE = Automatic;
				INFOPLIST_FILE = if26_tp08UITests/Info.plist;
				LD_RUNPATH_SEARCH_PATHS = "$(inherited) @executable_path/Frameworks @loader_path/Frameworks";
				PRODUCT_BUNDLE_IDENTIFIER = "utt.if26-tp08UITests";
				PRODUCT_NAME = "$(TARGET_NAME)";
				SWIFT_VERSION = 4.0;
				TARGETED_DEVICE_FAMILY = "1,2";
				TEST_TARGET_NAME = if26_tp08;
			};
			name = Release;
		};
/* End XCBuildConfiguration section */

/* Begin XCConfigurationList section */
		1E82B7911FC49854004179B4 /* Build configuration list for PBXProject "if26_tp08" */ = {
			isa = XCConfigurationList;
			buildConfigurations = (
				1E82B7BC1FC49854004179B4 /* Debug */,
				1E82B7BD1FC49854004179B4 /* Release */,
			);
			defaultConfigurationIsVisible = 0;
			defaultConfigurationName = Release;
		};
		1E82B7BE1FC49854004179B4 /* Build configuration list for PBXNativeTarget "if26_tp08" */ = {
			isa = XCConfigurationList;
			buildConfigurations = (
				1E82B7BF1FC49854004179B4 /* Debug */,
				1E82B7C01FC49854004179B4 /* Release */,
			);
			defaultConfigurationIsVisible = 0;
			defaultConfigurationName = Release;
		};
		1E82B7C11FC49854004179B4 /* Build configuration list for PBXNativeTarget "if26_tp08Tests" */ = {
			isa = XCConfigurationList;
			buildConfigurations = (
				1E82B7C21FC49854004179B4 /* Debug */,
				1E82B7C31FC49854004179B4 /* Release */,
			);
			defaultConfigurationIsVisible = 0;
			defaultConfigurationName = Release;
		};
		1E82B7C41FC49854004179B4 /* Build configuration list for PBXNativeTarget "if26_tp08UITests" */ = {
			isa = XCConfigurationList;
			buildConfigurations = (
				1E82B7C51FC49854004179B4 /* Debug */,
				1E82B7C61FC49854004179B4 /* Release */,
			);
			defaultConfigurationIsVisible = 0;
			defaultConfigurationName = Release;
		};
/* End XCConfigurationList section */
	};
	rootObject = 1E82B78E1FC49854004179B4 /* Project object */;
}
